// !$*UTF8*$!
{
	archiveVersion = 1;
	classes = {
	};
	objectVersion = 56;
	objects = {

/* Begin PBXBuildFile section */
		9BAA0FC91BA5EBFB3E4084E2 /* Pods_neutral_love.framework in Frameworks */ = {isa = PBXBuildFile; fileRef = 5CA9FD68FEBBF1CE66C412E6 /* Pods_neutral_love.framework */; };
		E74396F02ACE9FA1003B06B9 /* AppDelegate.swift in Sources */ = {isa = PBXBuildFile; fileRef = E74396EF2ACE9FA1003B06B9 /* AppDelegate.swift */; };
		E74396F22ACE9FA1003B06B9 /* SceneDelegate.swift in Sources */ = {isa = PBXBuildFile; fileRef = E74396F12ACE9FA1003B06B9 /* SceneDelegate.swift */; };
		E74396F92ACE9FA5003B06B9 /* Assets.xcassets in Resources */ = {isa = PBXBuildFile; fileRef = E74396F82ACE9FA5003B06B9 /* Assets.xcassets */; };
		E74396FC2ACE9FA5003B06B9 /* LaunchScreen.storyboard in Resources */ = {isa = PBXBuildFile; fileRef = E74396FA2ACE9FA5003B06B9 /* LaunchScreen.storyboard */; };
		E74729362ADB03E200348D8A /* .swiftlint.yml in Resources */ = {isa = PBXBuildFile; fileRef = E74729352ADB03E200348D8A /* .swiftlint.yml */; };
		E7626D252ADC13C300223037 /* TabBarAssembly.swift in Sources */ = {isa = PBXBuildFile; fileRef = E7626D232ADC13C200223037 /* TabBarAssembly.swift */; };
		E7626D262ADC13C300223037 /* TabBarController.swift in Sources */ = {isa = PBXBuildFile; fileRef = E7626D242ADC13C200223037 /* TabBarController.swift */; };
		E7626D2B2ADC13F800223037 /* UIColor + Extensions.swift in Sources */ = {isa = PBXBuildFile; fileRef = E7626D292ADC13F800223037 /* UIColor + Extensions.swift */; };
		E7626D2C2ADC13F800223037 /* Resources.swift in Sources */ = {isa = PBXBuildFile; fileRef = E7626D2A2ADC13F800223037 /* Resources.swift */; };
		E7626D332ADC15D300223037 /* SignUpViewController.swift in Sources */ = {isa = PBXBuildFile; fileRef = E7626D322ADC15D300223037 /* SignUpViewController.swift */; };
		E7626D4C2AE1394100223037 /* SignInViewModel.swift in Sources */ = {isa = PBXBuildFile; fileRef = E7626D4B2AE1394100223037 /* SignInViewModel.swift */; };
		E7626D4F2AE3B19000223037 /* SignInView.swift in Sources */ = {isa = PBXBuildFile; fileRef = E7626D4E2AE3B19000223037 /* SignInView.swift */; };
		E7626D512AE3B1A100223037 /* SignInViewController.swift in Sources */ = {isa = PBXBuildFile; fileRef = E7626D502AE3B1A100223037 /* SignInViewController.swift */; };
		E7626D532AE3D11200223037 /* UITextField + Extensions.swift in Sources */ = {isa = PBXBuildFile; fileRef = E7626D522AE3D11200223037 /* UITextField + Extensions.swift */; };
		E7626D562AE7B31800223037 /* SignInAssembly.swift in Sources */ = {isa = PBXBuildFile; fileRef = E7626D552AE7B31800223037 /* SignInAssembly.swift */; };
		E78258E12AED1DA0000A163B /* ViewController.swift in Sources */ = {isa = PBXBuildFile; fileRef = E78258E02AED1DA0000A163B /* ViewController.swift */; };
		E79EAF942B029E9F0037B5F4 /* FavoritesAssembly.swift in Sources */ = {isa = PBXBuildFile; fileRef = E79EAF932B029E9F0037B5F4 /* FavoritesAssembly.swift */; };
		E79EAF962B029EAA0037B5F4 /* FavoritesView.swift in Sources */ = {isa = PBXBuildFile; fileRef = E79EAF952B029EAA0037B5F4 /* FavoritesView.swift */; };
		E79EAF982B029EB40037B5F4 /* FavoritesViewController.swift in Sources */ = {isa = PBXBuildFile; fileRef = E79EAF972B029EB40037B5F4 /* FavoritesViewController.swift */; };
		E79EAF9A2B029EBF0037B5F4 /* FavoritesViewModel.swift in Sources */ = {isa = PBXBuildFile; fileRef = E79EAF992B029EBF0037B5F4 /* FavoritesViewModel.swift */; };
		E79EAF9D2B02B09A0037B5F4 /* SettingsViewController.swift in Sources */ = {isa = PBXBuildFile; fileRef = E79EAF9C2B02B09A0037B5F4 /* SettingsViewController.swift */; };
		E79EAF9F2B02B9A70037B5F4 /* FavoritesCell.swift in Sources */ = {isa = PBXBuildFile; fileRef = E79EAF9E2B02B9A70037B5F4 /* FavoritesCell.swift */; };
/* End PBXBuildFile section */

/* Begin PBXFileReference section */
		0B065168D66AB05BED2EE776 /* Pods-neutral.love.debug.xcconfig */ = {isa = PBXFileReference; includeInIndex = 1; lastKnownFileType = text.xcconfig; name = "Pods-neutral.love.debug.xcconfig"; path = "Target Support Files/Pods-neutral.love/Pods-neutral.love.debug.xcconfig"; sourceTree = "<group>"; };
		5CA9FD68FEBBF1CE66C412E6 /* Pods_neutral_love.framework */ = {isa = PBXFileReference; explicitFileType = wrapper.framework; includeInIndex = 0; path = Pods_neutral_love.framework; sourceTree = BUILT_PRODUCTS_DIR; };
		DF88B9BD92F7AC9E5C764B8D /* Pods-neutral.love.release.xcconfig */ = {isa = PBXFileReference; includeInIndex = 1; lastKnownFileType = text.xcconfig; name = "Pods-neutral.love.release.xcconfig"; path = "Target Support Files/Pods-neutral.love/Pods-neutral.love.release.xcconfig"; sourceTree = "<group>"; };
		E74396EC2ACE9FA1003B06B9 /* neutral.love.app */ = {isa = PBXFileReference; explicitFileType = wrapper.application; includeInIndex = 0; path = neutral.love.app; sourceTree = BUILT_PRODUCTS_DIR; };
		E74396EF2ACE9FA1003B06B9 /* AppDelegate.swift */ = {isa = PBXFileReference; lastKnownFileType = sourcecode.swift; path = AppDelegate.swift; sourceTree = "<group>"; };
		E74396F12ACE9FA1003B06B9 /* SceneDelegate.swift */ = {isa = PBXFileReference; lastKnownFileType = sourcecode.swift; path = SceneDelegate.swift; sourceTree = "<group>"; };
		E74396F82ACE9FA5003B06B9 /* Assets.xcassets */ = {isa = PBXFileReference; lastKnownFileType = folder.assetcatalog; path = Assets.xcassets; sourceTree = "<group>"; };
		E74396FB2ACE9FA5003B06B9 /* Base */ = {isa = PBXFileReference; lastKnownFileType = file.storyboard; name = Base; path = Base.lproj/LaunchScreen.storyboard; sourceTree = "<group>"; };
		E74396FD2ACE9FA5003B06B9 /* Info.plist */ = {isa = PBXFileReference; lastKnownFileType = text.plist.xml; path = Info.plist; sourceTree = "<group>"; };
		E74729352ADB03E200348D8A /* .swiftlint.yml */ = {isa = PBXFileReference; lastKnownFileType = text.yaml; path = .swiftlint.yml; sourceTree = "<group>"; };
		E7626D232ADC13C200223037 /* TabBarAssembly.swift */ = {isa = PBXFileReference; fileEncoding = 4; lastKnownFileType = sourcecode.swift; path = TabBarAssembly.swift; sourceTree = "<group>"; };
		E7626D242ADC13C200223037 /* TabBarController.swift */ = {isa = PBXFileReference; fileEncoding = 4; lastKnownFileType = sourcecode.swift; path = TabBarController.swift; sourceTree = "<group>"; };
		E7626D292ADC13F800223037 /* UIColor + Extensions.swift */ = {isa = PBXFileReference; fileEncoding = 4; lastKnownFileType = sourcecode.swift; path = "UIColor + Extensions.swift"; sourceTree = "<group>"; };
		E7626D2A2ADC13F800223037 /* Resources.swift */ = {isa = PBXFileReference; fileEncoding = 4; lastKnownFileType = sourcecode.swift; path = Resources.swift; sourceTree = "<group>"; };
		E7626D322ADC15D300223037 /* SignUpViewController.swift */ = {isa = PBXFileReference; lastKnownFileType = sourcecode.swift; path = SignUpViewController.swift; sourceTree = "<group>"; };
		E7626D4B2AE1394100223037 /* SignInViewModel.swift */ = {isa = PBXFileReference; lastKnownFileType = sourcecode.swift; path = SignInViewModel.swift; sourceTree = "<group>"; };
		E7626D4E2AE3B19000223037 /* SignInView.swift */ = {isa = PBXFileReference; lastKnownFileType = sourcecode.swift; path = SignInView.swift; sourceTree = "<group>"; };
		E7626D502AE3B1A100223037 /* SignInViewController.swift */ = {isa = PBXFileReference; lastKnownFileType = sourcecode.swift; path = SignInViewController.swift; sourceTree = "<group>"; };
		E7626D522AE3D11200223037 /* UITextField + Extensions.swift */ = {isa = PBXFileReference; lastKnownFileType = sourcecode.swift; path = "UITextField + Extensions.swift"; sourceTree = "<group>"; };
		E7626D552AE7B31800223037 /* SignInAssembly.swift */ = {isa = PBXFileReference; lastKnownFileType = sourcecode.swift; path = SignInAssembly.swift; sourceTree = "<group>"; };
		E78258E02AED1DA0000A163B /* ViewController.swift */ = {isa = PBXFileReference; lastKnownFileType = sourcecode.swift; path = ViewController.swift; sourceTree = "<group>"; };
		E79EAF932B029E9F0037B5F4 /* FavoritesAssembly.swift */ = {isa = PBXFileReference; lastKnownFileType = sourcecode.swift; path = FavoritesAssembly.swift; sourceTree = "<group>"; };
		E79EAF952B029EAA0037B5F4 /* FavoritesView.swift */ = {isa = PBXFileReference; lastKnownFileType = sourcecode.swift; path = FavoritesView.swift; sourceTree = "<group>"; };
		E79EAF972B029EB40037B5F4 /* FavoritesViewController.swift */ = {isa = PBXFileReference; lastKnownFileType = sourcecode.swift; path = FavoritesViewController.swift; sourceTree = "<group>"; };
		E79EAF992B029EBF0037B5F4 /* FavoritesViewModel.swift */ = {isa = PBXFileReference; lastKnownFileType = sourcecode.swift; path = FavoritesViewModel.swift; sourceTree = "<group>"; };
		E79EAF9C2B02B09A0037B5F4 /* SettingsViewController.swift */ = {isa = PBXFileReference; lastKnownFileType = sourcecode.swift; path = SettingsViewController.swift; sourceTree = "<group>"; };
		E79EAF9E2B02B9A70037B5F4 /* FavoritesCell.swift */ = {isa = PBXFileReference; lastKnownFileType = sourcecode.swift; path = FavoritesCell.swift; sourceTree = "<group>"; };
/* End PBXFileReference section */

/* Begin PBXFrameworksBuildPhase section */
		E74396E92ACE9FA1003B06B9 /* Frameworks */ = {
			isa = PBXFrameworksBuildPhase;
			buildActionMask = 2147483647;
			files = (
				9BAA0FC91BA5EBFB3E4084E2 /* Pods_neutral_love.framework in Frameworks */,
			);
			runOnlyForDeploymentPostprocessing = 0;
		};
/* End PBXFrameworksBuildPhase section */

/* Begin PBXGroup section */
		20C07B9D8FC871AB01F7EE24 /* Frameworks */ = {
			isa = PBXGroup;
			children = (
				5CA9FD68FEBBF1CE66C412E6 /* Pods_neutral_love.framework */,
			);
			name = Frameworks;
			sourceTree = "<group>";
		};
		690A6E56A2A1C5DC00C7D4D7 /* Pods */ = {
			isa = PBXGroup;
			children = (
				0B065168D66AB05BED2EE776 /* Pods-neutral.love.debug.xcconfig */,
				DF88B9BD92F7AC9E5C764B8D /* Pods-neutral.love.release.xcconfig */,
			);
			path = Pods;
			sourceTree = "<group>";
		};
		E7007D752ADAC2E4000DCBE0 /* Application */ = {
			isa = PBXGroup;
			children = (
				E74396EF2ACE9FA1003B06B9 /* AppDelegate.swift */,
				E74396F12ACE9FA1003B06B9 /* SceneDelegate.swift */,
			);
			path = Application;
			sourceTree = "<group>";
		};
		E7007D762ADAC2F9000DCBE0 /* Resources */ = {
			isa = PBXGroup;
			children = (
				E74396F82ACE9FA5003B06B9 /* Assets.xcassets */,
				E74396FA2ACE9FA5003B06B9 /* LaunchScreen.storyboard */,
				E74396FD2ACE9FA5003B06B9 /* Info.plist */,
			);
			path = Resources;
			sourceTree = "<group>";
		};
		E74396E32ACE9FA1003B06B9 = {
			isa = PBXGroup;
			children = (
				E74396EE2ACE9FA1003B06B9 /* neutral.love */,
				E74396ED2ACE9FA1003B06B9 /* Products */,
				690A6E56A2A1C5DC00C7D4D7 /* Pods */,
				20C07B9D8FC871AB01F7EE24 /* Frameworks */,
			);
			sourceTree = "<group>";
		};
		E74396ED2ACE9FA1003B06B9 /* Products */ = {
			isa = PBXGroup;
			children = (
				E74396EC2ACE9FA1003B06B9 /* neutral.love.app */,
			);
			name = Products;
			sourceTree = "<group>";
		};
		E74396EE2ACE9FA1003B06B9 /* neutral.love */ = {
			isa = PBXGroup;
			children = (
				E7007D752ADAC2E4000DCBE0 /* Application */,
				E7626D2D2ADC14F400223037 /* AuthorizationModule */,
				E7626D1F2ADC13AC00223037 /* MainModule */,
				E78258E42AF02458000A163B /* Favorites */,
				E79EAF9B2B02B0830037B5F4 /* SettingsModule */,
				E7626D222ADC13C200223037 /* TabBarModule */,
				E7626D272ADC13F800223037 /* Helpers */,
				E7007D762ADAC2F9000DCBE0 /* Resources */,
				E74729352ADB03E200348D8A /* .swiftlint.yml */,
			);
			path = neutral.love;
			sourceTree = "<group>";
		};
		E7626D1F2ADC13AC00223037 /* MainModule */ = {
			isa = PBXGroup;
			children = (
				E78258E02AED1DA0000A163B /* ViewController.swift */,
			);
			path = MainModule;
			sourceTree = "<group>";
		};
		E7626D222ADC13C200223037 /* TabBarModule */ = {
			isa = PBXGroup;
			children = (
				E7626D232ADC13C200223037 /* TabBarAssembly.swift */,
				E7626D242ADC13C200223037 /* TabBarController.swift */,
			);
			name = TabBarModule;
			path = neutral.love/TabBarModule;
			sourceTree = SOURCE_ROOT;
		};
		E7626D272ADC13F800223037 /* Helpers */ = {
			isa = PBXGroup;
			children = (
				E7626D282ADC13F800223037 /* UIKit */,
				E7626D2A2ADC13F800223037 /* Resources.swift */,
			);
			path = Helpers;
			sourceTree = "<group>";
		};
		E7626D282ADC13F800223037 /* UIKit */ = {
			isa = PBXGroup;
			children = (
				E7626D292ADC13F800223037 /* UIColor + Extensions.swift */,
				E7626D522AE3D11200223037 /* UITextField + Extensions.swift */,
			);
			path = UIKit;
			sourceTree = "<group>";
		};
		E7626D2D2ADC14F400223037 /* AuthorizationModule */ = {
			isa = PBXGroup;
			children = (
				E7626D2E2ADC14FF00223037 /* SignIn */,
				E7626D2F2ADC150D00223037 /* SignUp */,
			);
			path = AuthorizationModule;
			sourceTree = "<group>";
		};
		E7626D2E2ADC14FF00223037 /* SignIn */ = {
			isa = PBXGroup;
			children = (
				E7626D542AE7B30400223037 /* Assembly */,
				E7626D352ADC1D8F00223037 /* View */,
				E7626D4D2AE3B14D00223037 /* Controller */,
				E7626D4A2AE1392900223037 /* ViewModel */,
			);
			path = SignIn;
			sourceTree = "<group>";
		};
		E7626D2F2ADC150D00223037 /* SignUp */ = {
			isa = PBXGroup;
			children = (
				E7626D322ADC15D300223037 /* SignUpViewController.swift */,
			);
			path = SignUp;
			sourceTree = "<group>";
		};
		E7626D352ADC1D8F00223037 /* View */ = {
			isa = PBXGroup;
			children = (
				E7626D4E2AE3B19000223037 /* SignInView.swift */,
			);
			path = View;
			sourceTree = "<group>";
		};
		E7626D4A2AE1392900223037 /* ViewModel */ = {
			isa = PBXGroup;
			children = (
				E7626D4B2AE1394100223037 /* SignInViewModel.swift */,
			);
			path = ViewModel;
			sourceTree = "<group>";
		};
		E7626D4D2AE3B14D00223037 /* Controller */ = {
			isa = PBXGroup;
			children = (
				E7626D502AE3B1A100223037 /* SignInViewController.swift */,
			);
			path = Controller;
			sourceTree = "<group>";
		};
		E7626D542AE7B30400223037 /* Assembly */ = {
			isa = PBXGroup;
			children = (
				E7626D552AE7B31800223037 /* SignInAssembly.swift */,
			);
			path = Assembly;
			sourceTree = "<group>";
		};
		E78258E42AF02458000A163B /* Favorites */ = {
			isa = PBXGroup;
			children = (
				E79EAF8F2B029E5D0037B5F4 /* Assembly */,
				E79EAF902B029E6F0037B5F4 /* View */,
				E79EAF912B029E760037B5F4 /* Controller */,
				E79EAF922B029E7C0037B5F4 /* ViewModel */,
			);
			path = Favorites;
			sourceTree = "<group>";
		};
		E79EAF8F2B029E5D0037B5F4 /* Assembly */ = {
			isa = PBXGroup;
			children = (
				E79EAF932B029E9F0037B5F4 /* FavoritesAssembly.swift */,
			);
			path = Assembly;
			sourceTree = "<group>";
		};
		E79EAF902B029E6F0037B5F4 /* View */ = {
			isa = PBXGroup;
			children = (
				E79EAF952B029EAA0037B5F4 /* FavoritesView.swift */,
				E79EAF9E2B02B9A70037B5F4 /* FavoritesCell.swift */,
			);
			path = View;
			sourceTree = "<group>";
		};
		E79EAF912B029E760037B5F4 /* Controller */ = {
			isa = PBXGroup;
			children = (
				E79EAF972B029EB40037B5F4 /* FavoritesViewController.swift */,
			);
			path = Controller;
			sourceTree = "<group>";
		};
		E79EAF922B029E7C0037B5F4 /* ViewModel */ = {
			isa = PBXGroup;
			children = (
				E79EAF992B029EBF0037B5F4 /* FavoritesViewModel.swift */,
			);
			path = ViewModel;
			sourceTree = "<group>";
		};
		E79EAF9B2B02B0830037B5F4 /* SettingsModule */ = {
			isa = PBXGroup;
			children = (
				E79EAF9C2B02B09A0037B5F4 /* SettingsViewController.swift */,
			);
			path = SettingsModule;
			sourceTree = "<group>";
		};
/* End PBXGroup section */

/* Begin PBXNativeTarget section */
		E74396EB2ACE9FA1003B06B9 /* neutral.love */ = {
			isa = PBXNativeTarget;
			buildConfigurationList = E74397002ACE9FA5003B06B9 /* Build configuration list for PBXNativeTarget "neutral.love" */;
			buildPhases = (
				90CEED3C08E678546ABBAE79 /* [CP] Check Pods Manifest.lock */,
				E74729342ADAFD6600348D8A /* SwiftLint */,
				E74396E82ACE9FA1003B06B9 /* Sources */,
				E74396E92ACE9FA1003B06B9 /* Frameworks */,
				E74396EA2ACE9FA1003B06B9 /* Resources */,
			);
			buildRules = (
			);
			dependencies = (
			);
			name = neutral.love;
			productName = neutral.love;
			productReference = E74396EC2ACE9FA1003B06B9 /* neutral.love.app */;
			productType = "com.apple.product-type.application";
		};
/* End PBXNativeTarget section */

/* Begin PBXProject section */
		E74396E42ACE9FA1003B06B9 /* Project object */ = {
			isa = PBXProject;
			attributes = {
				BuildIndependentTargetsInParallel = 1;
				LastSwiftUpdateCheck = 1500;
				LastUpgradeCheck = 1500;
				TargetAttributes = {
					E74396EB2ACE9FA1003B06B9 = {
						CreatedOnToolsVersion = 15.0;
					};
				};
			};
			buildConfigurationList = E74396E72ACE9FA1003B06B9 /* Build configuration list for PBXProject "neutral.love" */;
			compatibilityVersion = "Xcode 14.0";
			developmentRegion = en;
			hasScannedForEncodings = 0;
			knownRegions = (
				en,
				Base,
			);
			mainGroup = E74396E32ACE9FA1003B06B9;
			productRefGroup = E74396ED2ACE9FA1003B06B9 /* Products */;
			projectDirPath = "";
			projectRoot = "";
			targets = (
				E74396EB2ACE9FA1003B06B9 /* neutral.love */,
			);
		};
/* End PBXProject section */

/* Begin PBXResourcesBuildPhase section */
		E74396EA2ACE9FA1003B06B9 /* Resources */ = {
			isa = PBXResourcesBuildPhase;
			buildActionMask = 2147483647;
			files = (
				E74729362ADB03E200348D8A /* .swiftlint.yml in Resources */,
				E74396FC2ACE9FA5003B06B9 /* LaunchScreen.storyboard in Resources */,
				E74396F92ACE9FA5003B06B9 /* Assets.xcassets in Resources */,
			);
			runOnlyForDeploymentPostprocessing = 0;
		};
/* End PBXResourcesBuildPhase section */

/* Begin PBXShellScriptBuildPhase section */
		90CEED3C08E678546ABBAE79 /* [CP] Check Pods Manifest.lock */ = {
			isa = PBXShellScriptBuildPhase;
			buildActionMask = 2147483647;
			files = (
			);
			inputFileListPaths = (
			);
			inputPaths = (
				"${PODS_PODFILE_DIR_PATH}/Podfile.lock",
				"${PODS_ROOT}/Manifest.lock",
			);
			name = "[CP] Check Pods Manifest.lock";
			outputFileListPaths = (
			);
			outputPaths = (
				"$(DERIVED_FILE_DIR)/Pods-neutral.love-checkManifestLockResult.txt",
			);
			runOnlyForDeploymentPostprocessing = 0;
			shellPath = /bin/sh;
			shellScript = "diff \"${PODS_PODFILE_DIR_PATH}/Podfile.lock\" \"${PODS_ROOT}/Manifest.lock\" > /dev/null\nif [ $? != 0 ] ; then\n    # print error to STDERR\n    echo \"error: The sandbox is not in sync with the Podfile.lock. Run 'pod install' or update your CocoaPods installation.\" >&2\n    exit 1\nfi\n# This output is used by Xcode 'outputs' to avoid re-running this script phase.\necho \"SUCCESS\" > \"${SCRIPT_OUTPUT_FILE_0}\"\n";
			showEnvVarsInLog = 0;
		};
		E74729342ADAFD6600348D8A /* SwiftLint */ = {
			isa = PBXShellScriptBuildPhase;
			alwaysOutOfDate = 1;
			buildActionMask = 2147483647;
			files = (
			);
			inputFileListPaths = (
			);
			inputPaths = (
			);
			name = SwiftLint;
			outputFileListPaths = (
			);
			outputPaths = (
			);
			runOnlyForDeploymentPostprocessing = 0;
			shellPath = /bin/sh;
			shellScript = "if which swiftlint > /dev/null; then\n  swiftlint\nelse\n  echo \"warning: SwiftLint not installed, download from https://github.com/realm/SwiftLint\"\nfi\n";
		};
/* End PBXShellScriptBuildPhase section */

/* Begin PBXSourcesBuildPhase section */
		E74396E82ACE9FA1003B06B9 /* Sources */ = {
			isa = PBXSourcesBuildPhase;
			buildActionMask = 2147483647;
			files = (
				E7626D532AE3D11200223037 /* UITextField + Extensions.swift in Sources */,
				E7626D512AE3B1A100223037 /* SignInViewController.swift in Sources */,
				E7626D252ADC13C300223037 /* TabBarAssembly.swift in Sources */,
				E7626D2B2ADC13F800223037 /* UIColor + Extensions.swift in Sources */,
				E7626D2C2ADC13F800223037 /* Resources.swift in Sources */,
				E79EAF962B029EAA0037B5F4 /* FavoritesView.swift in Sources */,
				E74396F02ACE9FA1003B06B9 /* AppDelegate.swift in Sources */,
				E79EAF9A2B029EBF0037B5F4 /* FavoritesViewModel.swift in Sources */,
				E7626D262ADC13C300223037 /* TabBarController.swift in Sources */,
				E79EAF9F2B02B9A70037B5F4 /* FavoritesCell.swift in Sources */,
				E7626D562AE7B31800223037 /* SignInAssembly.swift in Sources */,
				E78258E12AED1DA0000A163B /* ViewController.swift in Sources */,
				E79EAF982B029EB40037B5F4 /* FavoritesViewController.swift in Sources */,
				E7626D4C2AE1394100223037 /* SignInViewModel.swift in Sources */,
				E7626D332ADC15D300223037 /* SignUpViewController.swift in Sources */,
				E74396F22ACE9FA1003B06B9 /* SceneDelegate.swift in Sources */,
				E7626D4F2AE3B19000223037 /* SignInView.swift in Sources */,
				E79EAF942B029E9F0037B5F4 /* FavoritesAssembly.swift in Sources */,
				E79EAF9D2B02B09A0037B5F4 /* SettingsViewController.swift in Sources */,
			);
			runOnlyForDeploymentPostprocessing = 0;
		};
/* End PBXSourcesBuildPhase section */

/* Begin PBXVariantGroup section */
		E74396FA2ACE9FA5003B06B9 /* LaunchScreen.storyboard */ = {
			isa = PBXVariantGroup;
			children = (
				E74396FB2ACE9FA5003B06B9 /* Base */,
			);
			name = LaunchScreen.storyboard;
			sourceTree = "<group>";
		};
/* End PBXVariantGroup section */

/* Begin XCBuildConfiguration section */
		E74396FE2ACE9FA5003B06B9 /* Debug */ = {
			isa = XCBuildConfiguration;
			buildSettings = {
				ALWAYS_SEARCH_USER_PATHS = NO;
				ASSETCATALOG_COMPILER_GENERATE_SWIFT_ASSET_SYMBOL_EXTENSIONS = YES;
				CLANG_ANALYZER_NONNULL = YES;
				CLANG_ANALYZER_NUMBER_OBJECT_CONVERSION = YES_AGGRESSIVE;
				CLANG_CXX_LANGUAGE_STANDARD = "gnu++20";
				CLANG_ENABLE_MODULES = YES;
				CLANG_ENABLE_OBJC_ARC = YES;
				CLANG_ENABLE_OBJC_WEAK = YES;
				CLANG_WARN_BLOCK_CAPTURE_AUTORELEASING = YES;
				CLANG_WARN_BOOL_CONVERSION = YES;
				CLANG_WARN_COMMA = YES;
				CLANG_WARN_CONSTANT_CONVERSION = YES;
				CLANG_WARN_DEPRECATED_OBJC_IMPLEMENTATIONS = YES;
				CLANG_WARN_DIRECT_OBJC_ISA_USAGE = YES_ERROR;
				CLANG_WARN_DOCUMENTATION_COMMENTS = YES;
				CLANG_WARN_EMPTY_BODY = YES;
				CLANG_WARN_ENUM_CONVERSION = YES;
				CLANG_WARN_INFINITE_RECURSION = YES;
				CLANG_WARN_INT_CONVERSION = YES;
				CLANG_WARN_NON_LITERAL_NULL_CONVERSION = YES;
				CLANG_WARN_OBJC_IMPLICIT_RETAIN_SELF = YES;
				CLANG_WARN_OBJC_LITERAL_CONVERSION = YES;
				CLANG_WARN_OBJC_ROOT_CLASS = YES_ERROR;
				CLANG_WARN_QUOTED_INCLUDE_IN_FRAMEWORK_HEADER = YES;
				CLANG_WARN_RANGE_LOOP_ANALYSIS = YES;
				CLANG_WARN_STRICT_PROTOTYPES = YES;
				CLANG_WARN_SUSPICIOUS_MOVE = YES;
				CLANG_WARN_UNGUARDED_AVAILABILITY = YES_AGGRESSIVE;
				CLANG_WARN_UNREACHABLE_CODE = YES;
				CLANG_WARN__DUPLICATE_METHOD_MATCH = YES;
				COPY_PHASE_STRIP = NO;
				DEBUG_INFORMATION_FORMAT = dwarf;
				ENABLE_STRICT_OBJC_MSGSEND = YES;
				ENABLE_TESTABILITY = YES;
				ENABLE_USER_SCRIPT_SANDBOXING = NO;
				GCC_C_LANGUAGE_STANDARD = gnu17;
				GCC_DYNAMIC_NO_PIC = NO;
				GCC_NO_COMMON_BLOCKS = YES;
				GCC_OPTIMIZATION_LEVEL = 0;
				GCC_PREPROCESSOR_DEFINITIONS = (
					"DEBUG=1",
					"$(inherited)",
				);
				GCC_WARN_64_TO_32_BIT_CONVERSION = YES;
				GCC_WARN_ABOUT_RETURN_TYPE = YES_ERROR;
				GCC_WARN_UNDECLARED_SELECTOR = YES;
				GCC_WARN_UNINITIALIZED_AUTOS = YES_AGGRESSIVE;
				GCC_WARN_UNUSED_FUNCTION = YES;
				GCC_WARN_UNUSED_VARIABLE = YES;
				IPHONEOS_DEPLOYMENT_TARGET = 14.0;
				LOCALIZATION_PREFERS_STRING_CATALOGS = YES;
				MTL_ENABLE_DEBUG_INFO = INCLUDE_SOURCE;
				MTL_FAST_MATH = YES;
				ONLY_ACTIVE_ARCH = YES;
				SDKROOT = iphoneos;
				SWIFT_ACTIVE_COMPILATION_CONDITIONS = "DEBUG $(inherited)";
				SWIFT_OPTIMIZATION_LEVEL = "-Onone";
			};
			name = Debug;
		};
		E74396FF2ACE9FA5003B06B9 /* Release */ = {
			isa = XCBuildConfiguration;
			buildSettings = {
				ALWAYS_SEARCH_USER_PATHS = NO;
				ASSETCATALOG_COMPILER_GENERATE_SWIFT_ASSET_SYMBOL_EXTENSIONS = YES;
				CLANG_ANALYZER_NONNULL = YES;
				CLANG_ANALYZER_NUMBER_OBJECT_CONVERSION = YES_AGGRESSIVE;
				CLANG_CXX_LANGUAGE_STANDARD = "gnu++20";
				CLANG_ENABLE_MODULES = YES;
				CLANG_ENABLE_OBJC_ARC = YES;
				CLANG_ENABLE_OBJC_WEAK = YES;
				CLANG_WARN_BLOCK_CAPTURE_AUTORELEASING = YES;
				CLANG_WARN_BOOL_CONVERSION = YES;
				CLANG_WARN_COMMA = YES;
				CLANG_WARN_CONSTANT_CONVERSION = YES;
				CLANG_WARN_DEPRECATED_OBJC_IMPLEMENTATIONS = YES;
				CLANG_WARN_DIRECT_OBJC_ISA_USAGE = YES_ERROR;
				CLANG_WARN_DOCUMENTATION_COMMENTS = YES;
				CLANG_WARN_EMPTY_BODY = YES;
				CLANG_WARN_ENUM_CONVERSION = YES;
				CLANG_WARN_INFINITE_RECURSION = YES;
				CLANG_WARN_INT_CONVERSION = YES;
				CLANG_WARN_NON_LITERAL_NULL_CONVERSION = YES;
				CLANG_WARN_OBJC_IMPLICIT_RETAIN_SELF = YES;
				CLANG_WARN_OBJC_LITERAL_CONVERSION = YES;
				CLANG_WARN_OBJC_ROOT_CLASS = YES_ERROR;
				CLANG_WARN_QUOTED_INCLUDE_IN_FRAMEWORK_HEADER = YES;
				CLANG_WARN_RANGE_LOOP_ANALYSIS = YES;
				CLANG_WARN_STRICT_PROTOTYPES = YES;
				CLANG_WARN_SUSPICIOUS_MOVE = YES;
				CLANG_WARN_UNGUARDED_AVAILABILITY = YES_AGGRESSIVE;
				CLANG_WARN_UNREACHABLE_CODE = YES;
				CLANG_WARN__DUPLICATE_METHOD_MATCH = YES;
				COPY_PHASE_STRIP = NO;
				DEBUG_INFORMATION_FORMAT = "dwarf-with-dsym";
				ENABLE_NS_ASSERTIONS = NO;
				ENABLE_STRICT_OBJC_MSGSEND = YES;
				ENABLE_USER_SCRIPT_SANDBOXING = NO;
				GCC_C_LANGUAGE_STANDARD = gnu17;
				GCC_NO_COMMON_BLOCKS = YES;
				GCC_WARN_64_TO_32_BIT_CONVERSION = YES;
				GCC_WARN_ABOUT_RETURN_TYPE = YES_ERROR;
				GCC_WARN_UNDECLARED_SELECTOR = YES;
				GCC_WARN_UNINITIALIZED_AUTOS = YES_AGGRESSIVE;
				GCC_WARN_UNUSED_FUNCTION = YES;
				GCC_WARN_UNUSED_VARIABLE = YES;
				IPHONEOS_DEPLOYMENT_TARGET = 14.0;
				LOCALIZATION_PREFERS_STRING_CATALOGS = YES;
				MTL_ENABLE_DEBUG_INFO = NO;
				MTL_FAST_MATH = YES;
				SDKROOT = iphoneos;
				SWIFT_COMPILATION_MODE = wholemodule;
				VALIDATE_PRODUCT = YES;
			};
			name = Release;
		};
		E74397012ACE9FA5003B06B9 /* Debug */ = {
			isa = XCBuildConfiguration;
			baseConfigurationReference = 0B065168D66AB05BED2EE776 /* Pods-neutral.love.debug.xcconfig */;
			buildSettings = {
				ASSETCATALOG_COMPILER_APPICON_NAME = AppIcon;
				ASSETCATALOG_COMPILER_GLOBAL_ACCENT_COLOR_NAME = AccentColor;
				CODE_SIGN_STYLE = Automatic;
				CURRENT_PROJECT_VERSION = 1;
				DEVELOPMENT_TEAM = ZFRPQ8YP88;
				GENERATE_INFOPLIST_FILE = YES;
				INFOPLIST_FILE = neutral.love/Resources/Info.plist;
				INFOPLIST_KEY_UIApplicationSupportsIndirectInputEvents = YES;
				INFOPLIST_KEY_UILaunchStoryboardName = LaunchScreen;
				INFOPLIST_KEY_UISupportedInterfaceOrientations_iPad = "UIInterfaceOrientationPortrait UIInterfaceOrientationPortraitUpsideDown UIInterfaceOrientationLandscapeLeft UIInterfaceOrientationLandscapeRight";
				INFOPLIST_KEY_UISupportedInterfaceOrientations_iPhone = "UIInterfaceOrientationPortrait UIInterfaceOrientationLandscapeLeft UIInterfaceOrientationLandscapeRight";
				LD_RUNPATH_SEARCH_PATHS = (
					"$(inherited)",
					"@executable_path/Frameworks",
				);
				MARKETING_VERSION = 1.0;
				PRODUCT_BUNDLE_IDENTIFIER = "com.philippzeppelin.neutral-love";
				PRODUCT_NAME = "$(TARGET_NAME)";
				SWIFT_EMIT_LOC_STRINGS = YES;
				SWIFT_VERSION = 5.0;
				TARGETED_DEVICE_FAMILY = "1,2";
			};
			name = Debug;
		};
		E74397022ACE9FA5003B06B9 /* Release */ = {
			isa = XCBuildConfiguration;
			baseConfigurationReference = DF88B9BD92F7AC9E5C764B8D /* Pods-neutral.love.release.xcconfig */;
			buildSettings = {
				ASSETCATALOG_COMPILER_APPICON_NAME = AppIcon;
				ASSETCATALOG_COMPILER_GLOBAL_ACCENT_COLOR_NAME = AccentColor;
				CODE_SIGN_STYLE = Automatic;
				CURRENT_PROJECT_VERSION = 1;
				DEVELOPMENT_TEAM = ZFRPQ8YP88;
				GENERATE_INFOPLIST_FILE = YES;
				INFOPLIST_FILE = neutral.love/Resources/Info.plist;
				INFOPLIST_KEY_UIApplicationSupportsIndirectInputEvents = YES;
				INFOPLIST_KEY_UILaunchStoryboardName = LaunchScreen;
				INFOPLIST_KEY_UISupportedInterfaceOrientations_iPad = "UIInterfaceOrientationPortrait UIInterfaceOrientationPortraitUpsideDown UIInterfaceOrientationLandscapeLeft UIInterfaceOrientationLandscapeRight";
				INFOPLIST_KEY_UISupportedInterfaceOrientations_iPhone = "UIInterfaceOrientationPortrait UIInterfaceOrientationLandscapeLeft UIInterfaceOrientationLandscapeRight";
				LD_RUNPATH_SEARCH_PATHS = (
					"$(inherited)",
					"@executable_path/Frameworks",
				);
				MARKETING_VERSION = 1.0;
				PRODUCT_BUNDLE_IDENTIFIER = "com.philippzeppelin.neutral-love";
				PRODUCT_NAME = "$(TARGET_NAME)";
				SWIFT_EMIT_LOC_STRINGS = YES;
				SWIFT_VERSION = 5.0;
				TARGETED_DEVICE_FAMILY = "1,2";
			};
			name = Release;
		};
/* End XCBuildConfiguration section */

/* Begin XCConfigurationList section */
		E74396E72ACE9FA1003B06B9 /* Build configuration list for PBXProject "neutral.love" */ = {
			isa = XCConfigurationList;
			buildConfigurations = (
				E74396FE2ACE9FA5003B06B9 /* Debug */,
				E74396FF2ACE9FA5003B06B9 /* Release */,
			);
			defaultConfigurationIsVisible = 0;
			defaultConfigurationName = Release;
		};
		E74397002ACE9FA5003B06B9 /* Build configuration list for PBXNativeTarget "neutral.love" */ = {
			isa = XCConfigurationList;
			buildConfigurations = (
				E74397012ACE9FA5003B06B9 /* Debug */,
				E74397022ACE9FA5003B06B9 /* Release */,
			);
			defaultConfigurationIsVisible = 0;
			defaultConfigurationName = Release;
		};
/* End XCConfigurationList section */
	};
	rootObject = E74396E42ACE9FA1003B06B9 /* Project object */;
}
